
Microsoft Visual Studio Solution File, Format Version 12.00
# Visual Studio Version 17
VisualStudioVersion = 17.1.32421.90
MinimumVisualStudioVersion = 10.0.40219.1
Project("{FAE04EC0-301F-11D3-BF4B-00C04F79EFBC}") = "ZadanieKontrolne", "ZadanieKontrolne2\ZadanieKontrolne.csproj", "{58539DB2-73CE-4E2F-AA5A-FD96068EAFE2}"
EndProject
Project("{FAE04EC0-301F-11D3-BF4B-00C04F79EFBC}") = "ZadanieKontrolneTests", "ZadanieKontrolneTests\ZadanieKontrolneTests.csproj", "{5F7D0403-A2E7-4F17-9B8B-F711991B45A1}"
EndProject
Global
	GlobalSection(SolutionConfigurationPlatforms) = preSolution
		Debug|Any CPU = Debug|Any CPU
		Release|Any CPU = Release|Any CPU
	EndGlobalSection
	GlobalSection(ProjectConfigurationPlatforms) = postSolution
		{58539DB2-73CE-4E2F-AA5A-FD96068EAFE2}.Debug|Any CPU.ActiveCfg = Debug|Any CPU
		{58539DB2-73CE-4E2F-AA5A-FD96068EAFE2}.Debug|Any CPU.Build.0 = Debug|Any CPU
		{58539DB2-73CE-4E2F-AA5A-FD96068EAFE2}.Release|Any CPU.ActiveCfg = Release|Any CPU
		{58539DB2-73CE-4E2F-AA5A-FD96068EAFE2}.Release|Any CPU.Build.0 = Release|Any CPU
		{5F7D0403-A2E7-4F17-9B8B-F711991B45A1}.Debug|Any CPU.ActiveCfg = Debug|Any CPU
		{5F7D0403-A2E7-4F17-9B8B-F711991B45A1}.Debug|Any CPU.Build.0 = Debug|Any CPU
		{5F7D0403-A2E7-4F17-9B8B-F711991B45A1}.Release|Any CPU.ActiveCfg = Release|Any CPU
		{5F7D0403-A2E7-4F17-9B8B-F711991B45A1}.Release|Any CPU.Build.0 = Release|Any CPU
	EndGlobalSection
	GlobalSection(SolutionProperties) = preSolution
		HideSolutionNode = FALSE
	EndGlobalSection
	GlobalSection(ExtensibilityGlobals) = postSolution
		SolutionGuid = {E8D12579-6B57-4B11-8959-A1E34C84AAF1}
	EndGlobalSection
EndGlobal
